
Microsoft Visual Studio Solution File, Format Version 12.00
# Visual Studio 15
VisualStudioVersion = 15.0.27703.2026
MinimumVisualStudioVersion = 10.0.40219.1
Project("{7CF6DF6D-3B04-46F8-A40B-537D21BCA0B4}") = "imbSCI.Sandcastle", "..\imbSCI.Documentation\imbSCI\imbSCI.Sandcastle\imbSCI.Sandcastle.shfbproj", "{0EE97927-F515-41C5-93AF-2FEFACE008F1}"
EndProject
Project("{9A19103F-16F7-4668-BE54-9A1E7A4F7556}") = "imbSCI.Core", "imbSCI.Core\imbSCI.Core.csproj", "{DC1E11F9-28AD-4E9D-956C-0C24698E2958}"
	ProjectSection(ProjectDependencies) = postProject
		{37BE59CD-1EF8-4C0B-8D2A-E4EC8647849F} = {37BE59CD-1EF8-4C0B-8D2A-E4EC8647849F}
	EndProjectSection
EndProject
Project("{9A19103F-16F7-4668-BE54-9A1E7A4F7556}") = "imbSCI.Data", "imbSCI.Data\imbSCI.Data.csproj", "{37BE59CD-1EF8-4C0B-8D2A-E4EC8647849F}"
EndProject
Project("{9A19103F-16F7-4668-BE54-9A1E7A4F7556}") = "imbSCI.DataComplex", "imbSCI.DataComplex\imbSCI.DataComplex.csproj", "{7035DEEB-891F-43F9-AF12-3FD56734209D}"
	ProjectSection(ProjectDependencies) = postProject
		{DC1E11F9-28AD-4E9D-956C-0C24698E2958} = {DC1E11F9-28AD-4E9D-956C-0C24698E2958}
	EndProjectSection
EndProject
Project("{9A19103F-16F7-4668-BE54-9A1E7A4F7556}") = "imbSCI.Graph", "imbSCI.Graph\imbSCI.Graph.csproj", "{8201437C-6D50-4111-B5F6-4331E60F4D07}"
EndProject
Project("{9A19103F-16F7-4668-BE54-9A1E7A4F7556}") = "imbSCI.Reporting", "imbSCI.Reporting\imbSCI.Reporting.csproj", "{06CDBE13-63FA-415D-8D74-C0E0FE7BD073}"
	ProjectSection(ProjectDependencies) = postProject
		{7035DEEB-891F-43F9-AF12-3FD56734209D} = {7035DEEB-891F-43F9-AF12-3FD56734209D}
	EndProjectSection
EndProject
Project("{9A19103F-16F7-4668-BE54-9A1E7A4F7556}") = "imbSCI.Tools", "imbSCI.Tools\imbSCI.Tools.csproj", "{BB013E31-89D6-4A30-8C0F-AEEB1A2EA6ED}"
	ProjectSection(ProjectDependencies) = postProject
		{06CDBE13-63FA-415D-8D74-C0E0FE7BD073} = {06CDBE13-63FA-415D-8D74-C0E0FE7BD073}
		{8201437C-6D50-4111-B5F6-4331E60F4D07} = {8201437C-6D50-4111-B5F6-4331E60F4D07}
		{7035DEEB-891F-43F9-AF12-3FD56734209D} = {7035DEEB-891F-43F9-AF12-3FD56734209D}
	EndProjectSection
EndProject
Project("{FAE04EC0-301F-11D3-BF4B-00C04F79EFBC}") = "imbSCI.TestConsole", "imbSCI.TestConsole\imbSCI.TestConsole.csproj", "{56390CAC-E94D-42FB-AC1C-E49D6168B074}"
EndProject
Project("{2150E333-8FDC-42A3-9474-1A3956D46DE8}") = "1.Core", "1.Core", "{A25308C3-6FFF-48D9-97D6-AD0344E0465C}"
EndProject
Project("{2150E333-8FDC-42A3-9474-1A3956D46DE8}") = "2.Sidekicks", "2.Sidekicks", "{505B7458-4833-4BFE-87D2-CED2F0E7ED75}"
EndProject
Project("{9A19103F-16F7-4668-BE54-9A1E7A4F7556}") = "imbSCI.BibTex", "imbSCI.BibTex\imbSCI.BibTex.csproj", "{17C15EFC-3592-4BD0-B72E-0F00735BA28C}"
EndProject
Global
	GlobalSection(SolutionConfigurationPlatforms) = preSolution
		Debug|Any CPU = Debug|Any CPU
		Release|Any CPU = Release|Any CPU
	EndGlobalSection
	GlobalSection(ProjectConfigurationPlatforms) = postSolution
		{0EE97927-F515-41C5-93AF-2FEFACE008F1}.Debug|Any CPU.ActiveCfg = Debug|Any CPU
		{0EE97927-F515-41C5-93AF-2FEFACE008F1}.Debug|Any CPU.Build.0 = Debug|Any CPU
		{0EE97927-F515-41C5-93AF-2FEFACE008F1}.Release|Any CPU.ActiveCfg = Release|Any CPU
		{DC1E11F9-28AD-4E9D-956C-0C24698E2958}.Debug|Any CPU.ActiveCfg = Debug|Any CPU
		{DC1E11F9-28AD-4E9D-956C-0C24698E2958}.Debug|Any CPU.Build.0 = Debug|Any CPU
		{DC1E11F9-28AD-4E9D-956C-0C24698E2958}.Release|Any CPU.ActiveCfg = Release|Any CPU
		{DC1E11F9-28AD-4E9D-956C-0C24698E2958}.Release|Any CPU.Build.0 = Release|Any CPU
		{37BE59CD-1EF8-4C0B-8D2A-E4EC8647849F}.Debug|Any CPU.ActiveCfg = Debug|Any CPU
		{37BE59CD-1EF8-4C0B-8D2A-E4EC8647849F}.Debug|Any CPU.Build.0 = Debug|Any CPU
		{37BE59CD-1EF8-4C0B-8D2A-E4EC8647849F}.Release|Any CPU.ActiveCfg = Release|Any CPU
		{37BE59CD-1EF8-4C0B-8D2A-E4EC8647849F}.Release|Any CPU.Build.0 = Release|Any CPU
		{7035DEEB-891F-43F9-AF12-3FD56734209D}.Debug|Any CPU.ActiveCfg = Debug|Any CPU
		{7035DEEB-891F-43F9-AF12-3FD56734209D}.Debug|Any CPU.Build.0 = Debug|Any CPU
		{7035DEEB-891F-43F9-AF12-3FD56734209D}.Release|Any CPU.ActiveCfg = Release|Any CPU
		{7035DEEB-891F-43F9-AF12-3FD56734209D}.Release|Any CPU.Build.0 = Release|Any CPU
		{8201437C-6D50-4111-B5F6-4331E60F4D07}.Debug|Any CPU.ActiveCfg = Debug|Any CPU
		{8201437C-6D50-4111-B5F6-4331E60F4D07}.Debug|Any CPU.Build.0 = Debug|Any CPU
		{8201437C-6D50-4111-B5F6-4331E60F4D07}.Release|Any CPU.ActiveCfg = Release|Any CPU
		{8201437C-6D50-4111-B5F6-4331E60F4D07}.Release|Any CPU.Build.0 = Release|Any CPU
		{06CDBE13-63FA-415D-8D74-C0E0FE7BD073}.Debug|Any CPU.ActiveCfg = Debug|Any CPU
		{06CDBE13-63FA-415D-8D74-C0E0FE7BD073}.Debug|Any CPU.Build.0 = Debug|Any CPU
		{06CDBE13-63FA-415D-8D74-C0E0FE7BD073}.Release|Any CPU.ActiveCfg = Release|Any CPU
		{06CDBE13-63FA-415D-8D74-C0E0FE7BD073}.Release|Any CPU.Build.0 = Release|Any CPU
		{BB013E31-89D6-4A30-8C0F-AEEB1A2EA6ED}.Debug|Any CPU.ActiveCfg = Debug|Any CPU
		{BB013E31-89D6-4A30-8C0F-AEEB1A2EA6ED}.Debug|Any CPU.Build.0 = Debug|Any CPU
		{BB013E31-89D6-4A30-8C0F-AEEB1A2EA6ED}.Release|Any CPU.ActiveCfg = Release|Any CPU
		{BB013E31-89D6-4A30-8C0F-AEEB1A2EA6ED}.Release|Any CPU.Build.0 = Release|Any CPU
		{56390CAC-E94D-42FB-AC1C-E49D6168B074}.Debug|Any CPU.ActiveCfg = Debug|Any CPU
		{56390CAC-E94D-42FB-AC1C-E49D6168B074}.Debug|Any CPU.Build.0 = Debug|Any CPU
		{56390CAC-E94D-42FB-AC1C-E49D6168B074}.Release|Any CPU.ActiveCfg = Release|Any CPU
		{56390CAC-E94D-42FB-AC1C-E49D6168B074}.Release|Any CPU.Build.0 = Release|Any CPU
		{17C15EFC-3592-4BD0-B72E-0F00735BA28C}.Debug|Any CPU.ActiveCfg = Debug|Any CPU
		{17C15EFC-3592-4BD0-B72E-0F00735BA28C}.Debug|Any CPU.Build.0 = Debug|Any CPU
		{17C15EFC-3592-4BD0-B72E-0F00735BA28C}.Release|Any CPU.ActiveCfg = Release|Any CPU
		{17C15EFC-3592-4BD0-B72E-0F00735BA28C}.Release|Any CPU.Build.0 = Release|Any CPU
	EndGlobalSection
	GlobalSection(SolutionProperties) = preSolution
		HideSolutionNode = FALSE
	EndGlobalSection
	GlobalSection(NestedProjects) = preSolution
		{DC1E11F9-28AD-4E9D-956C-0C24698E2958} = {A25308C3-6FFF-48D9-97D6-AD0344E0465C}
		{37BE59CD-1EF8-4C0B-8D2A-E4EC8647849F} = {A25308C3-6FFF-48D9-97D6-AD0344E0465C}
		{7035DEEB-891F-43F9-AF12-3FD56734209D} = {A25308C3-6FFF-48D9-97D6-AD0344E0465C}
		{8201437C-6D50-4111-B5F6-4331E60F4D07} = {505B7458-4833-4BFE-87D2-CED2F0E7ED75}
		{06CDBE13-63FA-415D-8D74-C0E0FE7BD073} = {A25308C3-6FFF-48D9-97D6-AD0344E0465C}
		{BB013E31-89D6-4A30-8C0F-AEEB1A2EA6ED} = {505B7458-4833-4BFE-87D2-CED2F0E7ED75}
		{17C15EFC-3592-4BD0-B72E-0F00735BA28C} = {505B7458-4833-4BFE-87D2-CED2F0E7ED75}
	EndGlobalSection
	GlobalSection(ExtensibilityGlobals) = postSolution
		SolutionGuid = {3F3105A0-0460-447D-9E6D-2EE6088F7BC9}
	EndGlobalSection
EndGlobal
